{
  "name": "get-rce",
  "version": "1.0.0",
  "lockfileVersion": 1,
  "requires": true,
  "dependencies": {
    "ttab": {
      "version": "0.6.1",
      "resolved": "https://repo.dev.wixpress.com/artifactory/api/npm/npm-repos/ttab/-/ttab-0.6.1.tgz",
      "integrity": "sha1-cgAaMz1HepLEn2yw6DrgeYTGa+U="
    }
  }
}
